# This file is autogenerated, do not edit; changes may be undone by the next 'dep ensure'.


[[projects]]
  name = "github.com/BurntSushi/toml"
  packages = ["."]
  revision = "b26d9c308763d68093482582cea63d69be07a0f0"
  version = "v0.3.0"

[[projects]]
  name = "github.com/codegangsta/cli"
  packages = ["."]
  revision = "cfb38830724cc34fedffe9a2a29fb54fa9169cd1"
  version = "v1.20.0"

[[projects]]
  name = "github.com/disintegration/gift"
  packages = ["."]
  revision = "6844aa0778953d7137510a1c74f686ae0e556600"
  version = "v1.1.2"

[[projects]]
  name = "github.com/disintegration/imaging"
  packages = ["."]
  revision = "fd34ef7671b12cdf1b024d98c6b327b2770d32c4"
  version = "v1.4.1"

[[projects]]
  branch = "master"
  name = "github.com/jiro4989/lib-go"
  packages = ["image"]
  revision = "7ab997d8449feb67467bfe35207e017603f0ed69"

[[projects]]
  name = "github.com/oliamb/cutter"
  packages = ["."]
  revision = "5cd9c24de6524b7251ac6b8600b0ba8f43a85963"
  version = "v0.2.0"

[[projects]]
  branch = "master"
  name = "golang.org/x/image"
  packages = [
    "bmp",
    "tiff",
    "tiff/lzw"
  ]
  revision = "f315e440302883054d0c2bd85486878cb4f8572c"

[solve-meta]
  analyzer-name = "dep"
  analyzer-version = 1
  inputs-digest = "aa23a4f2792c55e3a4b9b7ddae8e5616ce70f563a01ee5d1f2557bf9084d48e0"
  solver-name = "gps-cdcl"
  solver-version = 1
